
Microsoft Visual Studio Solution File, Format Version 12.00
# Visual Studio Version 16
VisualStudioVersion = 16.0.31005.135
MinimumVisualStudioVersion = 10.0.40219.1
Project("{9A19103F-16F7-4668-BE54-9A1E7A4F7556}") = "IndividualProjectPartA", "IndividualProjectPartA.csproj", "{DB5A4384-10A1-4C75-9F24-9521AF0C32B1}"
EndProject
Global
	GlobalSection(SolutionConfigurationPlatforms) = preSolution
		Debug|Any CPU = Debug|Any CPU
		Release|Any CPU = Release|Any CPU
	EndGlobalSection
	GlobalSection(ProjectConfigurationPlatforms) = postSolution
		{DB5A4384-10A1-4C75-9F24-9521AF0C32B1}.Debug|Any CPU.ActiveCfg = Debug|Any CPU
		{DB5A4384-10A1-4C75-9F24-9521AF0C32B1}.Debug|Any CPU.Build.0 = Debug|Any CPU
		{DB5A4384-10A1-4C75-9F24-9521AF0C32B1}.Release|Any CPU.ActiveCfg = Release|Any CPU
		{DB5A4384-10A1-4C75-9F24-9521AF0C32B1}.Release|Any CPU.Build.0 = Release|Any CPU
	EndGlobalSection
	GlobalSection(SolutionProperties) = preSolution
		HideSolutionNode = FALSE
	EndGlobalSection
	GlobalSection(ExtensibilityGlobals) = postSolution
		SolutionGuid = {5EDC9F99-DDBD-4850-BBDE-7651C7B70DAA}
	EndGlobalSection
EndGlobal
